
Microsoft Visual Studio Solution File, Format Version 12.00
# Visual Studio Version 16
VisualStudioVersion = 16.0.28701.123
MinimumVisualStudioVersion = 10.0.40219.1
Project("{2150E333-8FDC-42A3-9474-1A3956D46DE8}") = "root", "root", "{E4A79030-4C0D-40D9-9A44-7321A74140FF}"
	ProjectSection(SolutionItems) = preProject
		.editorconfig = .editorconfig
		.gitignore = .gitignore
		CHANGELOG.md = CHANGELOG.md
		LICENSE.txt = LICENSE.txt
		README.md = README.md
	EndProjectSection
EndProject
Project("{9A19103F-16F7-4668-BE54-9A1E7A4F7556}") = "FluentNexus", "FluentNexus\FluentNexus.csproj", "{A482C54A-6A11-4D59-84D5-DC71EA191749}"
EndProject
Project("{9A19103F-16F7-4668-BE54-9A1E7A4F7556}") = "FluentNexus.TestConsole", "FluentNexus.TestConsole\FluentNexus.TestConsole.csproj", "{11019AAD-C0FA-4433-8A38-5F485AD02C29}"
EndProject
Global
	GlobalSection(SolutionConfigurationPlatforms) = preSolution
		Debug|Any CPU = Debug|Any CPU
		Debug|Mixed Platforms = Debug|Mixed Platforms
		Debug|x86 = Debug|x86
		Release|Any CPU = Release|Any CPU
		Release|Mixed Platforms = Release|Mixed Platforms
		Release|x86 = Release|x86
	EndGlobalSection
	GlobalSection(ProjectConfigurationPlatforms) = postSolution
		{A482C54A-6A11-4D59-84D5-DC71EA191749}.Debug|Any CPU.ActiveCfg = Debug|Any CPU
		{A482C54A-6A11-4D59-84D5-DC71EA191749}.Debug|Any CPU.Build.0 = Debug|Any CPU
		{A482C54A-6A11-4D59-84D5-DC71EA191749}.Debug|Mixed Platforms.ActiveCfg = Debug|Any CPU
		{A482C54A-6A11-4D59-84D5-DC71EA191749}.Debug|Mixed Platforms.Build.0 = Debug|Any CPU
		{A482C54A-6A11-4D59-84D5-DC71EA191749}.Debug|x86.ActiveCfg = Debug|Any CPU
		{A482C54A-6A11-4D59-84D5-DC71EA191749}.Debug|x86.Build.0 = Debug|Any CPU
		{A482C54A-6A11-4D59-84D5-DC71EA191749}.Release|Any CPU.ActiveCfg = Release|Any CPU
		{A482C54A-6A11-4D59-84D5-DC71EA191749}.Release|Any CPU.Build.0 = Release|Any CPU
		{A482C54A-6A11-4D59-84D5-DC71EA191749}.Release|Mixed Platforms.ActiveCfg = Release|Any CPU
		{A482C54A-6A11-4D59-84D5-DC71EA191749}.Release|Mixed Platforms.Build.0 = Release|Any CPU
		{A482C54A-6A11-4D59-84D5-DC71EA191749}.Release|x86.ActiveCfg = Release|Any CPU
		{A482C54A-6A11-4D59-84D5-DC71EA191749}.Release|x86.Build.0 = Release|Any CPU
		{11019AAD-C0FA-4433-8A38-5F485AD02C29}.Debug|Any CPU.ActiveCfg = Debug|Any CPU
		{11019AAD-C0FA-4433-8A38-5F485AD02C29}.Debug|Any CPU.Build.0 = Debug|Any CPU
		{11019AAD-C0FA-4433-8A38-5F485AD02C29}.Debug|Mixed Platforms.ActiveCfg = Debug|Any CPU
		{11019AAD-C0FA-4433-8A38-5F485AD02C29}.Debug|Mixed Platforms.Build.0 = Debug|Any CPU
		{11019AAD-C0FA-4433-8A38-5F485AD02C29}.Debug|x86.ActiveCfg = Debug|Any CPU
		{11019AAD-C0FA-4433-8A38-5F485AD02C29}.Debug|x86.Build.0 = Debug|Any CPU
		{11019AAD-C0FA-4433-8A38-5F485AD02C29}.Release|Any CPU.ActiveCfg = Release|Any CPU
		{11019AAD-C0FA-4433-8A38-5F485AD02C29}.Release|Any CPU.Build.0 = Release|Any CPU
		{11019AAD-C0FA-4433-8A38-5F485AD02C29}.Release|Mixed Platforms.ActiveCfg = Release|Any CPU
		{11019AAD-C0FA-4433-8A38-5F485AD02C29}.Release|Mixed Platforms.Build.0 = Release|Any CPU
		{11019AAD-C0FA-4433-8A38-5F485AD02C29}.Release|x86.ActiveCfg = Release|Any CPU
		{11019AAD-C0FA-4433-8A38-5F485AD02C29}.Release|x86.Build.0 = Release|Any CPU
	EndGlobalSection
	GlobalSection(SolutionProperties) = preSolution
		HideSolutionNode = FALSE
	EndGlobalSection
	GlobalSection(ExtensibilityGlobals) = postSolution
		SolutionGuid = {B13402A3-29D2-49B6-8F97-0413B6AEC349}
	EndGlobalSection
EndGlobal
